
Microsoft Visual Studio Solution File, Format Version 12.00
# Visual Studio Version 17
VisualStudioVersion = 17.7.34031.279
MinimumVisualStudioVersion = 10.0.40219.1
Project("{FAE04EC0-301F-11D3-BF4B-00C04F79EFBC}") = "WebKursovaya", "WebKursovaya.csproj", "{D16F8F63-9A27-4A92-8D8A-A5A19E1CFE5F}"
EndProject
Global
	GlobalSection(SolutionConfigurationPlatforms) = preSolution
		Debug|Any CPU = Debug|Any CPU
		Release|Any CPU = Release|Any CPU
	EndGlobalSection
	GlobalSection(ProjectConfigurationPlatforms) = postSolution
		{D16F8F63-9A27-4A92-8D8A-A5A19E1CFE5F}.Debug|Any CPU.ActiveCfg = Debug|Any CPU
		{D16F8F63-9A27-4A92-8D8A-A5A19E1CFE5F}.Debug|Any CPU.Build.0 = Debug|Any CPU
		{D16F8F63-9A27-4A92-8D8A-A5A19E1CFE5F}.Release|Any CPU.ActiveCfg = Release|Any CPU
		{D16F8F63-9A27-4A92-8D8A-A5A19E1CFE5F}.Release|Any CPU.Build.0 = Release|Any CPU
	EndGlobalSection
	GlobalSection(SolutionProperties) = preSolution
		HideSolutionNode = FALSE
	EndGlobalSection
	GlobalSection(ExtensibilityGlobals) = postSolution
		SolutionGuid = {D06A13C6-8826-49DA-9A63-36FFA9DECAFA}
	EndGlobalSection
EndGlobal
